
Microsoft Visual Studio Solution File, Format Version 12.00
# Visual Studio 15
VisualStudioVersion = 15.0.28010.2026
MinimumVisualStudioVersion = 10.0.40219.1
Project("{FAE04EC0-301F-11D3-BF4B-00C04F79EFBC}") = "HanabiModel", "HanabiModel\HanabiModel.csproj", "{6A45C604-E5FF-4F46-B987-E422F79E3B89}"
EndProject
Project("{FAE04EC0-301F-11D3-BF4B-00C04F79EFBC}") = "HanabiController", "HanabiController\HanabiController.csproj", "{3FF8A2A9-38F6-460F-99D3-BB52D594805C}"
EndProject
Project("{FAE04EC0-301F-11D3-BF4B-00C04F79EFBC}") = "HanabiService", "HanabiService\HanabiService.csproj", "{4E578550-D073-42AE-AE0B-D2139DD2ADAD}"
EndProject
Project("{FAE04EC0-301F-11D3-BF4B-00C04F79EFBC}") = "LoginUI", "LoginUI\LoginUI.csproj", "{CFDD4D9E-F350-41FB-8B74-13B351907F2D}"
	ProjectSection(ProjectDependencies) = postProject
		{491DECD7-4A81-4F43-A61E-38EA1C4CB1A0} = {491DECD7-4A81-4F43-A61E-38EA1C4CB1A0}
	EndProjectSection
EndProject
Project("{FAE04EC0-301F-11D3-BF4B-00C04F79EFBC}") = "GameService", "GameService\GameService.csproj", "{491DECD7-4A81-4F43-A61E-38EA1C4CB1A0}"
EndProject
Global
	GlobalSection(SolutionConfigurationPlatforms) = preSolution
		Debug|Any CPU = Debug|Any CPU
		Release|Any CPU = Release|Any CPU
	EndGlobalSection
	GlobalSection(ProjectConfigurationPlatforms) = postSolution
		{6A45C604-E5FF-4F46-B987-E422F79E3B89}.Debug|Any CPU.ActiveCfg = Debug|Any CPU
		{6A45C604-E5FF-4F46-B987-E422F79E3B89}.Debug|Any CPU.Build.0 = Debug|Any CPU
		{6A45C604-E5FF-4F46-B987-E422F79E3B89}.Release|Any CPU.ActiveCfg = Release|Any CPU
		{6A45C604-E5FF-4F46-B987-E422F79E3B89}.Release|Any CPU.Build.0 = Release|Any CPU
		{3FF8A2A9-38F6-460F-99D3-BB52D594805C}.Debug|Any CPU.ActiveCfg = Debug|Any CPU
		{3FF8A2A9-38F6-460F-99D3-BB52D594805C}.Debug|Any CPU.Build.0 = Debug|Any CPU
		{3FF8A2A9-38F6-460F-99D3-BB52D594805C}.Release|Any CPU.ActiveCfg = Release|Any CPU
		{3FF8A2A9-38F6-460F-99D3-BB52D594805C}.Release|Any CPU.Build.0 = Release|Any CPU
		{4E578550-D073-42AE-AE0B-D2139DD2ADAD}.Debug|Any CPU.ActiveCfg = Debug|Any CPU
		{4E578550-D073-42AE-AE0B-D2139DD2ADAD}.Debug|Any CPU.Build.0 = Debug|Any CPU
		{4E578550-D073-42AE-AE0B-D2139DD2ADAD}.Release|Any CPU.ActiveCfg = Release|Any CPU
		{4E578550-D073-42AE-AE0B-D2139DD2ADAD}.Release|Any CPU.Build.0 = Release|Any CPU
		{CFDD4D9E-F350-41FB-8B74-13B351907F2D}.Debug|Any CPU.ActiveCfg = Debug|Any CPU
		{CFDD4D9E-F350-41FB-8B74-13B351907F2D}.Debug|Any CPU.Build.0 = Debug|Any CPU
		{CFDD4D9E-F350-41FB-8B74-13B351907F2D}.Release|Any CPU.ActiveCfg = Release|Any CPU
		{CFDD4D9E-F350-41FB-8B74-13B351907F2D}.Release|Any CPU.Build.0 = Release|Any CPU
		{491DECD7-4A81-4F43-A61E-38EA1C4CB1A0}.Debug|Any CPU.ActiveCfg = Debug|Any CPU
		{491DECD7-4A81-4F43-A61E-38EA1C4CB1A0}.Debug|Any CPU.Build.0 = Debug|Any CPU
		{491DECD7-4A81-4F43-A61E-38EA1C4CB1A0}.Release|Any CPU.ActiveCfg = Release|Any CPU
		{491DECD7-4A81-4F43-A61E-38EA1C4CB1A0}.Release|Any CPU.Build.0 = Release|Any CPU
	EndGlobalSection
	GlobalSection(SolutionProperties) = preSolution
		HideSolutionNode = FALSE
	EndGlobalSection
	GlobalSection(ExtensibilityGlobals) = postSolution
		SolutionGuid = {D21BC7C6-623B-4448-859F-1D856F146851}
	EndGlobalSection
EndGlobal
